
Microsoft Visual Studio Solution File, Format Version 12.00
# Visual Studio Version 17
VisualStudioVersion = 17.0.31903.59
MinimumVisualStudioVersion = 10.0.40219.1
Project("{2150E333-8FDC-42A3-9474-1A3956D46DE8}") = "src", "src", "{B849671F-CB5A-4B8B-B940-A9FA9887CB99}"
EndProject
Project("{FAE04EC0-301F-11D3-BF4B-00C04F79EFBC}") = "SyncCache", "src\SyncCache\SyncCache.csproj", "{80CCC826-F03A-4CA4-A53E-C0A584BDF7A1}"
EndProject
Global
	GlobalSection(SolutionConfigurationPlatforms) = preSolution
		Debug|Any CPU = Debug|Any CPU
		Release|Any CPU = Release|Any CPU
	EndGlobalSection
	GlobalSection(SolutionProperties) = preSolution
		HideSolutionNode = FALSE
	EndGlobalSection
	GlobalSection(ProjectConfigurationPlatforms) = postSolution
		{80CCC826-F03A-4CA4-A53E-C0A584BDF7A1}.Debug|Any CPU.ActiveCfg = Debug|Any CPU
		{80CCC826-F03A-4CA4-A53E-C0A584BDF7A1}.Debug|Any CPU.Build.0 = Debug|Any CPU
		{80CCC826-F03A-4CA4-A53E-C0A584BDF7A1}.Release|Any CPU.ActiveCfg = Release|Any CPU
		{80CCC826-F03A-4CA4-A53E-C0A584BDF7A1}.Release|Any CPU.Build.0 = Release|Any CPU
	EndGlobalSection
	GlobalSection(NestedProjects) = preSolution
		{80CCC826-F03A-4CA4-A53E-C0A584BDF7A1} = {B849671F-CB5A-4B8B-B940-A9FA9887CB99}
	EndGlobalSection
EndGlobal
